// !$*UTF8*$!
{
	archiveVersion = 1;
	classes = {
	};
	objectVersion = 77;
	objects = {

/* Begin PBXBuildFile section */
		19738C7A2EE6D0B4007BA5F7 /* ItemCardCellCollectionViewCell.swift in Sources */ = {isa = PBXBuildFile; fileRef = 19738C792EE6D0B4007BA5F7 /* ItemCardCellCollectionViewCell.swift */; };
		19738C7C2EE6D754007BA5F7 /* EditCharacterVCViewController.swift in Sources */ = {isa = PBXBuildFile; fileRef = 19738C7B2EE6D754007BA5F7 /* EditCharacterVCViewController.swift */; };
		19738C7E2EE6E45E007BA5F7 /* PoseCardCellCollectionViewCell.swift in Sources */ = {isa = PBXBuildFile; fileRef = 19738C7D2EE6E45E007BA5F7 /* PoseCardCellCollectionViewCell.swift */; };
		197F0F422EE7E31C0080D244 /* ColorWheelView.swift in Sources */ = {isa = PBXBuildFile; fileRef = 197F0F412EE7E31C0080D244 /* ColorWheelView.swift */; };
		198E4F712EE403490030FE85 /* MyFeatueCanvasVCViewController.swift in Sources */ = {isa = PBXBuildFile; fileRef = 198E4F702EE403490030FE85 /* MyFeatueCanvasVCViewController.swift */; };
		198E4F732EE4048E0030FE85 /* ItemPicker.storyboard in Resources */ = {isa = PBXBuildFile; fileRef = 198E4F722EE4048E0030FE85 /* ItemPicker.storyboard */; };
		198E4F752EE404E20030FE85 /* ItemPickerVCViewController.swift in Sources */ = {isa = PBXBuildFile; fileRef = 198E4F742EE404E20030FE85 /* ItemPickerVCViewController.swift */; };
		198E4F772EE406BA0030FE85 /* BottomSheetPresentationController.swift in Sources */ = {isa = PBXBuildFile; fileRef = 198E4F762EE406BA0030FE85 /* BottomSheetPresentationController.swift */; };
/* End PBXBuildFile section */

/* Begin PBXFileReference section */
		19738C792EE6D0B4007BA5F7 /* ItemCardCellCollectionViewCell.swift */ = {isa = PBXFileReference; lastKnownFileType = sourcecode.swift; path = ItemCardCellCollectionViewCell.swift; sourceTree = "<group>"; };
		19738C7B2EE6D754007BA5F7 /* EditCharacterVCViewController.swift */ = {isa = PBXFileReference; lastKnownFileType = sourcecode.swift; path = EditCharacterVCViewController.swift; sourceTree = "<group>"; };
		19738C7D2EE6E45E007BA5F7 /* PoseCardCellCollectionViewCell.swift */ = {isa = PBXFileReference; lastKnownFileType = sourcecode.swift; path = PoseCardCellCollectionViewCell.swift; sourceTree = "<group>"; };
		197F0F092EE7DADB0080D244 /* FilmsPage.app */ = {isa = PBXFileReference; explicitFileType = wrapper.application; includeInIndex = 0; name = FilmsPage.app; path = "/Users/sdc-user/Desktop/MITWPU-group-06/build/Debug-iphoneos/FilmsPage.app"; sourceTree = "<absolute>"; };
		197F0F412EE7E31C0080D244 /* ColorWheelView.swift */ = {isa = PBXFileReference; lastKnownFileType = sourcecode.swift; path = ColorWheelView.swift; sourceTree = "<group>"; };
		198E4F702EE403490030FE85 /* MyFeatueCanvasVCViewController.swift */ = {isa = PBXFileReference; lastKnownFileType = sourcecode.swift; path = MyFeatueCanvasVCViewController.swift; sourceTree = "<group>"; };
		198E4F722EE4048E0030FE85 /* ItemPicker.storyboard */ = {isa = PBXFileReference; lastKnownFileType = file.storyboard; path = ItemPicker.storyboard; sourceTree = "<group>"; };
		198E4F742EE404E20030FE85 /* ItemPickerVCViewController.swift */ = {isa = PBXFileReference; lastKnownFileType = sourcecode.swift; path = ItemPickerVCViewController.swift; sourceTree = "<group>"; };
		198E4F762EE406BA0030FE85 /* BottomSheetPresentationController.swift */ = {isa = PBXFileReference; lastKnownFileType = sourcecode.swift; path = BottomSheetPresentationController.swift; sourceTree = "<group>"; };
/* End PBXFileReference section */

/* Begin PBXFileSystemSynchronizedBuildFileExceptionSet section */
		19075A5D2ED4646E00B3A488 /* Exceptions for "FilmsPage" folder in "FilmsPage" target */ = {
			isa = PBXFileSystemSynchronizedBuildFileExceptionSet;
			membershipExceptions = (
				Info.plist,
			);
			target = 19075A4A2ED4646D00B3A488 /* FilmsPage */;
		};
/* End PBXFileSystemSynchronizedBuildFileExceptionSet section */

/* Begin PBXFileSystemSynchronizedRootGroup section */
		19075A4D2ED4646D00B3A488 /* FilmsPage */ = {
			isa = PBXFileSystemSynchronizedRootGroup;
			exceptions = (
				19075A5D2ED4646E00B3A488 /* Exceptions for "FilmsPage" folder in "FilmsPage" target */,
			);
			path = FilmsPage;
			sourceTree = "<group>";
		};
/* End PBXFileSystemSynchronizedRootGroup section */

/* Begin PBXFrameworksBuildPhase section */
		19075A482ED4646D00B3A488 /* Frameworks */ = {
			isa = PBXFrameworksBuildPhase;
			buildActionMask = 2147483647;
			files = (
			);
			runOnlyForDeploymentPostprocessing = 0;
		};
/* End PBXFrameworksBuildPhase section */

/* Begin PBXGroup section */
		19075A422ED4646D00B3A488 = {
			isa = PBXGroup;
			children = (
				19075A4D2ED4646D00B3A488 /* FilmsPage */,
				198E4F6F2EE3FE830030FE85 /* CustomPresentation */,
				198E4F6E2EE3FE630030FE85 /* CanvasViewControllers */,
			);
			sourceTree = "<group>";
		};
		198E4F6E2EE3FE630030FE85 /* CanvasViewControllers */ = {
			isa = PBXGroup;
			children = (
				198E4F702EE403490030FE85 /* MyFeatueCanvasVCViewController.swift */,
				198E4F722EE4048E0030FE85 /* ItemPicker.storyboard */,
				198E4F742EE404E20030FE85 /* ItemPickerVCViewController.swift */,
				19738C792EE6D0B4007BA5F7 /* ItemCardCellCollectionViewCell.swift */,
				19738C7B2EE6D754007BA5F7 /* EditCharacterVCViewController.swift */,
				19738C7D2EE6E45E007BA5F7 /* PoseCardCellCollectionViewCell.swift */,
				197F0F412EE7E31C0080D244 /* ColorWheelView.swift */,
			);
			path = CanvasViewControllers;
			sourceTree = "<group>";
		};
		198E4F6F2EE3FE830030FE85 /* CustomPresentation */ = {
			isa = PBXGroup;
			children = (
				198E4F762EE406BA0030FE85 /* BottomSheetPresentationController.swift */,
			);
			path = CustomPresentation;
			sourceTree = "<group>";
		};
/* End PBXGroup section */

/* Begin PBXNativeTarget section */
		19075A4A2ED4646D00B3A488 /* FilmsPage */ = {
			isa = PBXNativeTarget;
			buildConfigurationList = 19075A5E2ED4646E00B3A488 /* Build configuration list for PBXNativeTarget "FilmsPage" */;
			buildPhases = (
				19075A472ED4646D00B3A488 /* Sources */,
				19075A482ED4646D00B3A488 /* Frameworks */,
				19075A492ED4646D00B3A488 /* Resources */,
			);
			buildRules = (
			);
			dependencies = (
			);
			fileSystemSynchronizedGroups = (
				19075A4D2ED4646D00B3A488 /* FilmsPage */,
			);
			name = FilmsPage;
			packageProductDependencies = (
			);
			productName = FilmsPage;
			productReference = 197F0F092EE7DADB0080D244 /* FilmsPage.app */;
			productType = "com.apple.product-type.application";
		};
/* End PBXNativeTarget section */

/* Begin PBXProject section */
		19075A432ED4646D00B3A488 /* Project object */ = {
			isa = PBXProject;
			attributes = {
				BuildIndependentTargetsInParallel = 1;
				LastSwiftUpdateCheck = 2610;
				LastUpgradeCheck = 2610;
				TargetAttributes = {
					19075A4A2ED4646D00B3A488 = {
						CreatedOnToolsVersion = 26.1.1;
					};
				};
			};
			buildConfigurationList = 19075A462ED4646D00B3A488 /* Build configuration list for PBXProject "FilmsPage" */;
			developmentRegion = en;
			hasScannedForEncodings = 0;
			knownRegions = (
				en,
				Base,
			);
			mainGroup = 19075A422ED4646D00B3A488;
			minimizedProjectReferenceProxies = 1;
			preferredProjectObjectVersion = 77;
			productRefGroup = 19075A422ED4646D00B3A488;
			projectDirPath = "";
			projectRoot = "";
			targets = (
				19075A4A2ED4646D00B3A488 /* FilmsPage */,
			);
		};
/* End PBXProject section */

/* Begin PBXResourcesBuildPhase section */
		19075A492ED4646D00B3A488 /* Resources */ = {
			isa = PBXResourcesBuildPhase;
			buildActionMask = 2147483647;
			files = (
				198E4F732EE4048E0030FE85 /* ItemPicker.storyboard in Resources */,
			);
			runOnlyForDeploymentPostprocessing = 0;
		};
/* End PBXResourcesBuildPhase section */

/* Begin PBXSourcesBuildPhase section */
		19075A472ED4646D00B3A488 /* Sources */ = {
			isa = PBXSourcesBuildPhase;
			buildActionMask = 2147483647;
			files = (
				198E4F772EE406BA0030FE85 /* BottomSheetPresentationController.swift in Sources */,
				19738C7E2EE6E45E007BA5F7 /* PoseCardCellCollectionViewCell.swift in Sources */,
				19738C7A2EE6D0B4007BA5F7 /* ItemCardCellCollectionViewCell.swift in Sources */,
				197F0F422EE7E31C0080D244 /* ColorWheelView.swift in Sources */,
				198E4F752EE404E20030FE85 /* ItemPickerVCViewController.swift in Sources */,
				198E4F712EE403490030FE85 /* MyFeatueCanvasVCViewController.swift in Sources */,
				19738C7C2EE6D754007BA5F7 /* EditCharacterVCViewController.swift in Sources */,
			);
			runOnlyForDeploymentPostprocessing = 0;
		};
/* End PBXSourcesBuildPhase section */

/* Begin XCBuildConfiguration section */
		19075A5F2ED4646E00B3A488 /* Debug */ = {
			isa = XCBuildConfiguration;
			buildSettings = {
				ASSETCATALOG_COMPILER_APPICON_NAME = AppIcon;
				ASSETCATALOG_COMPILER_GLOBAL_ACCENT_COLOR_NAME = AccentColor;
				CODE_SIGN_STYLE = Automatic;
				CURRENT_PROJECT_VERSION = 1;
				GENERATE_INFOPLIST_FILE = YES;
				INFOPLIST_FILE = FilmsPage/Info.plist;
				INFOPLIST_KEY_UIApplicationSupportsIndirectInputEvents = YES;
				INFOPLIST_KEY_UILaunchStoryboardName = LaunchScreen;
				INFOPLIST_KEY_UIMainStoryboardFile = Main;
				INFOPLIST_KEY_UISupportedInterfaceOrientations_iPad = "UIInterfaceOrientationPortrait UIInterfaceOrientationPortraitUpsideDown UIInterfaceOrientationLandscapeLeft UIInterfaceOrientationLandscapeRight";
				INFOPLIST_KEY_UISupportedInterfaceOrientations_iPhone = "UIInterfaceOrientationPortrait UIInterfaceOrientationLandscapeLeft UIInterfaceOrientationLandscapeRight";
				LD_RUNPATH_SEARCH_PATHS = (
					"$(inherited)",
					"@executable_path/Frameworks",
				);
				MARKETING_VERSION = 1.0;
				PRODUCT_BUNDLE_IDENTIFIER = shravanids.FilmsPage;
				PRODUCT_NAME = "$(TARGET_NAME)";
				STRING_CATALOG_GENERATE_SYMBOLS = YES;
				SUPPORTED_PLATFORMS = "iphoneos iphonesimulator";
				SUPPORTS_MACCATALYST = NO;
				SUPPORTS_MAC_DESIGNED_FOR_IPHONE_IPAD = NO;
				SUPPORTS_XR_DESIGNED_FOR_IPHONE_IPAD = NO;
				SWIFT_APPROACHABLE_CONCURRENCY = YES;
				SWIFT_DEFAULT_ACTOR_ISOLATION = MainActor;
				SWIFT_EMIT_LOC_STRINGS = YES;
				SWIFT_UPCOMING_FEATURE_MEMBER_IMPORT_VISIBILITY = YES;
				SWIFT_VERSION = 5.0;
				TARGETED_DEVICE_FAMILY = 2;
			};
			name = Debug;
		};
		19075A602ED4646E00B3A488 /* Release */ = {
			isa = XCBuildConfiguration;
			buildSettings = {
				ASSETCATALOG_COMPILER_APPICON_NAME = AppIcon;
				ASSETCATALOG_COMPILER_GLOBAL_ACCENT_COLOR_NAME = AccentColor;
				CODE_SIGN_STYLE = Automatic;
				CURRENT_PROJECT_VERSION = 1;
				GENERATE_INFOPLIST_FILE = YES;
				INFOPLIST_FILE = FilmsPage/Info.plist;
				INFOPLIST_KEY_UIApplicationSupportsIndirectInputEvents = YES;
				INFOPLIST_KEY_UILaunchStoryboardName = LaunchScreen;
				INFOPLIST_KEY_UIMainStoryboardFile = Main;
				INFOPLIST_KEY_UISupportedInterfaceOrientations_iPad = "UIInterfaceOrientationPortrait UIInterfaceOrientationPortraitUpsideDown UIInterfaceOrientationLandscapeLeft UIInterfaceOrientationLandscapeRight";
				INFOPLIST_KEY_UISupportedInterfaceOrientations_iPhone = "UIInterfaceOrientationPortrait UIInterfaceOrientationLandscapeLeft UIInterfaceOrientationLandscapeRight";
				LD_RUNPATH_SEARCH_PATHS = (
					"$(inherited)",
					"@executable_path/Frameworks",
				);
				MARKETING_VERSION = 1.0;
				PRODUCT_BUNDLE_IDENTIFIER = shravanids.FilmsPage;
				PRODUCT_NAME = "$(TARGET_NAME)";
				STRING_CATALOG_GENERATE_SYMBOLS = YES;
				SUPPORTED_PLATFORMS = "iphoneos iphonesimulator";
				SUPPORTS_MACCATALYST = NO;
				SUPPORTS_MAC_DESIGNED_FOR_IPHONE_IPAD = NO;
				SUPPORTS_XR_DESIGNED_FOR_IPHONE_IPAD = NO;
				SWIFT_APPROACHABLE_CONCURRENCY = YES;
				SWIFT_DEFAULT_ACTOR_ISOLATION = MainActor;
				SWIFT_EMIT_LOC_STRINGS = YES;
				SWIFT_UPCOMING_FEATURE_MEMBER_IMPORT_VISIBILITY = YES;
				SWIFT_VERSION = 5.0;
				TARGETED_DEVICE_FAMILY = 2;
			};
			name = Release;
		};
		19075A612ED4646E00B3A488 /* Debug */ = {
			isa = XCBuildConfiguration;
			buildSettings = {
				ALWAYS_SEARCH_USER_PATHS = NO;
				ASSETCATALOG_COMPILER_GENERATE_SWIFT_ASSET_SYMBOL_EXTENSIONS = YES;
				CLANG_ANALYZER_NONNULL = YES;
				CLANG_ANALYZER_NUMBER_OBJECT_CONVERSION = YES_AGGRESSIVE;
				CLANG_CXX_LANGUAGE_STANDARD = "gnu++20";
				CLANG_ENABLE_MODULES = YES;
				CLANG_ENABLE_OBJC_ARC = YES;
				CLANG_ENABLE_OBJC_WEAK = YES;
				CLANG_WARN_BLOCK_CAPTURE_AUTORELEASING = YES;
				CLANG_WARN_BOOL_CONVERSION = YES;
				CLANG_WARN_COMMA = YES;
				CLANG_WARN_CONSTANT_CONVERSION = YES;
				CLANG_WARN_DEPRECATED_OBJC_IMPLEMENTATIONS = YES;
				CLANG_WARN_DIRECT_OBJC_ISA_USAGE = YES_ERROR;
				CLANG_WARN_DOCUMENTATION_COMMENTS = YES;
				CLANG_WARN_EMPTY_BODY = YES;
				CLANG_WARN_ENUM_CONVERSION = YES;
				CLANG_WARN_INFINITE_RECURSION = YES;
				CLANG_WARN_INT_CONVERSION = YES;
				CLANG_WARN_NON_LITERAL_NULL_CONVERSION = YES;
				CLANG_WARN_OBJC_IMPLICIT_RETAIN_SELF = YES;
				CLANG_WARN_OBJC_LITERAL_CONVERSION = YES;
				CLANG_WARN_OBJC_ROOT_CLASS = YES_ERROR;
				CLANG_WARN_QUOTED_INCLUDE_IN_FRAMEWORK_HEADER = YES;
				CLANG_WARN_RANGE_LOOP_ANALYSIS = YES;
				CLANG_WARN_STRICT_PROTOTYPES = YES;
				CLANG_WARN_SUSPICIOUS_MOVE = YES;
				CLANG_WARN_UNGUARDED_AVAILABILITY = YES_AGGRESSIVE;
				CLANG_WARN_UNREACHABLE_CODE = YES;
				CLANG_WARN__DUPLICATE_METHOD_MATCH = YES;
				COPY_PHASE_STRIP = NO;
				DEBUG_INFORMATION_FORMAT = dwarf;
				ENABLE_STRICT_OBJC_MSGSEND = YES;
				ENABLE_TESTABILITY = YES;
				ENABLE_USER_SCRIPT_SANDBOXING = YES;
				GCC_C_LANGUAGE_STANDARD = gnu17;
				GCC_DYNAMIC_NO_PIC = NO;
				GCC_NO_COMMON_BLOCKS = YES;
				GCC_OPTIMIZATION_LEVEL = 0;
				GCC_PREPROCESSOR_DEFINITIONS = (
					"DEBUG=1",
					"$(inherited)",
				);
				GCC_WARN_64_TO_32_BIT_CONVERSION = YES;
				GCC_WARN_ABOUT_RETURN_TYPE = YES_ERROR;
				GCC_WARN_UNDECLARED_SELECTOR = YES;
				GCC_WARN_UNINITIALIZED_AUTOS = YES_AGGRESSIVE;
				GCC_WARN_UNUSED_FUNCTION = YES;
				GCC_WARN_UNUSED_VARIABLE = YES;
				IPHONEOS_DEPLOYMENT_TARGET = 26.1;
				LOCALIZATION_PREFERS_STRING_CATALOGS = YES;
				MTL_ENABLE_DEBUG_INFO = INCLUDE_SOURCE;
				MTL_FAST_MATH = YES;
				ONLY_ACTIVE_ARCH = YES;
				SDKROOT = iphoneos;
				SWIFT_ACTIVE_COMPILATION_CONDITIONS = "DEBUG $(inherited)";
				SWIFT_OPTIMIZATION_LEVEL = "-Onone";
			};
			name = Debug;
		};
		19075A622ED4646E00B3A488 /* Release */ = {
			isa = XCBuildConfiguration;
			buildSettings = {
				ALWAYS_SEARCH_USER_PATHS = NO;
				ASSETCATALOG_COMPILER_GENERATE_SWIFT_ASSET_SYMBOL_EXTENSIONS = YES;
				CLANG_ANALYZER_NONNULL = YES;
				CLANG_ANALYZER_NUMBER_OBJECT_CONVERSION = YES_AGGRESSIVE;
				CLANG_CXX_LANGUAGE_STANDARD = "gnu++20";
				CLANG_ENABLE_MODULES = YES;
				CLANG_ENABLE_OBJC_ARC = YES;
				CLANG_ENABLE_OBJC_WEAK = YES;
				CLANG_WARN_BLOCK_CAPTURE_AUTORELEASING = YES;
				CLANG_WARN_BOOL_CONVERSION = YES;
				CLANG_WARN_COMMA = YES;
				CLANG_WARN_CONSTANT_CONVERSION = YES;
				CLANG_WARN_DEPRECATED_OBJC_IMPLEMENTATIONS = YES;
				CLANG_WARN_DIRECT_OBJC_ISA_USAGE = YES_ERROR;
				CLANG_WARN_DOCUMENTATION_COMMENTS = YES;
				CLANG_WARN_EMPTY_BODY = YES;
				CLANG_WARN_ENUM_CONVERSION = YES;
				CLANG_WARN_INFINITE_RECURSION = YES;
				CLANG_WARN_INT_CONVERSION = YES;
				CLANG_WARN_NON_LITERAL_NULL_CONVERSION = YES;
				CLANG_WARN_OBJC_IMPLICIT_RETAIN_SELF = YES;
				CLANG_WARN_OBJC_LITERAL_CONVERSION = YES;
				CLANG_WARN_OBJC_ROOT_CLASS = YES_ERROR;
				CLANG_WARN_QUOTED_INCLUDE_IN_FRAMEWORK_HEADER = YES;
				CLANG_WARN_RANGE_LOOP_ANALYSIS = YES;
				CLANG_WARN_STRICT_PROTOTYPES = YES;
				CLANG_WARN_SUSPICIOUS_MOVE = YES;
				CLANG_WARN_UNGUARDED_AVAILABILITY = YES_AGGRESSIVE;
				CLANG_WARN_UNREACHABLE_CODE = YES;
				CLANG_WARN__DUPLICATE_METHOD_MATCH = YES;
				COPY_PHASE_STRIP = NO;
				DEBUG_INFORMATION_FORMAT = "dwarf-with-dsym";
				ENABLE_NS_ASSERTIONS = NO;
				ENABLE_STRICT_OBJC_MSGSEND = YES;
				ENABLE_USER_SCRIPT_SANDBOXING = YES;
				GCC_C_LANGUAGE_STANDARD = gnu17;
				GCC_NO_COMMON_BLOCKS = YES;
				GCC_WARN_64_TO_32_BIT_CONVERSION = YES;
				GCC_WARN_ABOUT_RETURN_TYPE = YES_ERROR;
				GCC_WARN_UNDECLARED_SELECTOR = YES;
				GCC_WARN_UNINITIALIZED_AUTOS = YES_AGGRESSIVE;
				GCC_WARN_UNUSED_FUNCTION = YES;
				GCC_WARN_UNUSED_VARIABLE = YES;
				IPHONEOS_DEPLOYMENT_TARGET = 26.1;
				LOCALIZATION_PREFERS_STRING_CATALOGS = YES;
				MTL_ENABLE_DEBUG_INFO = NO;
				MTL_FAST_MATH = YES;
				SDKROOT = iphoneos;
				SWIFT_COMPILATION_MODE = wholemodule;
				VALIDATE_PRODUCT = YES;
			};
			name = Release;
		};
/* End XCBuildConfiguration section */

/* Begin XCConfigurationList section */
		19075A462ED4646D00B3A488 /* Build configuration list for PBXProject "FilmsPage" */ = {
			isa = XCConfigurationList;
			buildConfigurations = (
				19075A612ED4646E00B3A488 /* Debug */,
				19075A622ED4646E00B3A488 /* Release */,
			);
			defaultConfigurationIsVisible = 0;
			defaultConfigurationName = Release;
		};
		19075A5E2ED4646E00B3A488 /* Build configuration list for PBXNativeTarget "FilmsPage" */ = {
			isa = XCConfigurationList;
			buildConfigurations = (
				19075A5F2ED4646E00B3A488 /* Debug */,
				19075A602ED4646E00B3A488 /* Release */,
			);
			defaultConfigurationIsVisible = 0;
			defaultConfigurationName = Release;
		};
/* End XCConfigurationList section */
	};
	rootObject = 19075A432ED4646D00B3A488 /* Project object */;
}
